
Microsoft Visual Studio Solution File, Format Version 12.00
# Visual Studio Version 17
VisualStudioVersion = 17.4.33403.182
MinimumVisualStudioVersion = 10.0.40219.1
Project("{FAE04EC0-301F-11D3-BF4B-00C04F79EFBC}") = "FormersMarket", "FormersMarket.csproj", "{F7D07AF7-9E8B-4D7B-8BF2-141093ACB5C6}"
EndProject
Global
	GlobalSection(SolutionConfigurationPlatforms) = preSolution
		Debug|Any CPU = Debug|Any CPU
		Release|Any CPU = Release|Any CPU
	EndGlobalSection
	GlobalSection(ProjectConfigurationPlatforms) = postSolution
		{F7D07AF7-9E8B-4D7B-8BF2-141093ACB5C6}.Debug|Any CPU.ActiveCfg = Debug|Any CPU
		{F7D07AF7-9E8B-4D7B-8BF2-141093ACB5C6}.Debug|Any CPU.Build.0 = Debug|Any CPU
		{F7D07AF7-9E8B-4D7B-8BF2-141093ACB5C6}.Release|Any CPU.ActiveCfg = Release|Any CPU
		{F7D07AF7-9E8B-4D7B-8BF2-141093ACB5C6}.Release|Any CPU.Build.0 = Release|Any CPU
	EndGlobalSection
	GlobalSection(SolutionProperties) = preSolution
		HideSolutionNode = FALSE
	EndGlobalSection
	GlobalSection(ExtensibilityGlobals) = postSolution
		SolutionGuid = {398A0009-EF11-44BD-9185-BB2A350C0BC4}
	EndGlobalSection
EndGlobal
